
Microsoft Visual Studio Solution File, Format Version 12.00
# Visual Studio Version 17
VisualStudioVersion = 17.10.35004.147
MinimumVisualStudioVersion = 10.0.40219.1
Project("{C9674DCB-5085-4A16-B785-4C70DD1589BD}") = "SSISWorking", "SSISWorking\SSISWorking.dtproj", "{D42BB0D5-1D2B-4D7F-846D-462751EB4472}"
EndProject
Global
	GlobalSection(SolutionConfigurationPlatforms) = preSolution
		Development|Default = Development|Default
	EndGlobalSection
	GlobalSection(ProjectConfigurationPlatforms) = postSolution
		{D42BB0D5-1D2B-4D7F-846D-462751EB4472}.Development|Default.ActiveCfg = Development
		{D42BB0D5-1D2B-4D7F-846D-462751EB4472}.Development|Default.Build.0 = Development
	EndGlobalSection
	GlobalSection(SolutionProperties) = preSolution
		HideSolutionNode = FALSE
	EndGlobalSection
	GlobalSection(ExtensibilityGlobals) = postSolution
		SolutionGuid = {C8BD7DE5-5684-4F5C-92FF-A69633E4224A}
	EndGlobalSection
EndGlobal
